
Microsoft Visual Studio Solution File, Format Version 12.00
# Visual Studio 15
VisualStudioVersion = 15.0.26228.12
MinimumVisualStudioVersion = 10.0.40219.1
Project("{FAE04EC0-301F-11D3-BF4B-00C04F79EFBC}") = "sandbox", "sandbox\sandbox.csproj", "{68440112-BCDE-4111-B101-9E20A8CD18DD}"
EndProject
Project("{FAE04EC0-301F-11D3-BF4B-00C04F79EFBC}") = "DelegateSandbox", "ConsoleApp1\DelegateSandbox.csproj", "{C211FAA2-F070-430F-BDC0-044625620595}"
EndProject
Project("{FAE04EC0-301F-11D3-BF4B-00C04F79EFBC}") = "AnonymousSandbox", "ConsoleApp2\AnonymousSandbox.csproj", "{AB87CE00-E892-443D-928C-8F85FDA89881}"
EndProject
Project("{FAE04EC0-301F-11D3-BF4B-00C04F79EFBC}") = "ThreadSandbox", "ThreadSandbox\ThreadSandbox.csproj", "{EF726227-0C21-4A1D-802D-429FFE5A39FE}"
EndProject
Global
	GlobalSection(SolutionConfigurationPlatforms) = preSolution
		Debug|Any CPU = Debug|Any CPU
		Release|Any CPU = Release|Any CPU
	EndGlobalSection
	GlobalSection(ProjectConfigurationPlatforms) = postSolution
		{68440112-BCDE-4111-B101-9E20A8CD18DD}.Debug|Any CPU.ActiveCfg = Debug|Any CPU
		{68440112-BCDE-4111-B101-9E20A8CD18DD}.Debug|Any CPU.Build.0 = Debug|Any CPU
		{68440112-BCDE-4111-B101-9E20A8CD18DD}.Release|Any CPU.ActiveCfg = Release|Any CPU
		{68440112-BCDE-4111-B101-9E20A8CD18DD}.Release|Any CPU.Build.0 = Release|Any CPU
		{C211FAA2-F070-430F-BDC0-044625620595}.Debug|Any CPU.ActiveCfg = Debug|Any CPU
		{C211FAA2-F070-430F-BDC0-044625620595}.Debug|Any CPU.Build.0 = Debug|Any CPU
		{C211FAA2-F070-430F-BDC0-044625620595}.Release|Any CPU.ActiveCfg = Release|Any CPU
		{C211FAA2-F070-430F-BDC0-044625620595}.Release|Any CPU.Build.0 = Release|Any CPU
		{AB87CE00-E892-443D-928C-8F85FDA89881}.Debug|Any CPU.ActiveCfg = Debug|Any CPU
		{AB87CE00-E892-443D-928C-8F85FDA89881}.Debug|Any CPU.Build.0 = Debug|Any CPU
		{AB87CE00-E892-443D-928C-8F85FDA89881}.Release|Any CPU.ActiveCfg = Release|Any CPU
		{AB87CE00-E892-443D-928C-8F85FDA89881}.Release|Any CPU.Build.0 = Release|Any CPU
		{EF726227-0C21-4A1D-802D-429FFE5A39FE}.Debug|Any CPU.ActiveCfg = Debug|Any CPU
		{EF726227-0C21-4A1D-802D-429FFE5A39FE}.Debug|Any CPU.Build.0 = Debug|Any CPU
		{EF726227-0C21-4A1D-802D-429FFE5A39FE}.Release|Any CPU.ActiveCfg = Release|Any CPU
		{EF726227-0C21-4A1D-802D-429FFE5A39FE}.Release|Any CPU.Build.0 = Release|Any CPU
	EndGlobalSection
	GlobalSection(SolutionProperties) = preSolution
		HideSolutionNode = FALSE
	EndGlobalSection
EndGlobal
